
Microsoft Visual Studio Solution File, Format Version 12.00
# Visual Studio Version 17
VisualStudioVersion = 17.14.36511.14
MinimumVisualStudioVersion = 10.0.40219.1
Project("{2150E333-8FDC-42A3-9474-1A3956D46DE8}") = "Task0", "Task0", "{02EA681E-C7D8-13C7-8484-4AC65E1B71E8}"
EndProject
Project("{FAE04EC0-301F-11D3-BF4B-00C04F79EFBC}") = "Tyuiu.BubenkoLG.Sprint2.Task0.V16", "Tyuiu.BubenkoLG.Sprint2.Task0.V16\Tyuiu.BubenkoLG.Sprint2.Task0.V16.csproj", "{0369D5C7-EEE4-44AC-A944-0561073C8819}"
EndProject
Project("{FAE04EC0-301F-11D3-BF4B-00C04F79EFBC}") = "Tyuiu.BubenkoLG.Sprint2.Task0.V16.Test", "Tyuiu.BubenkoLG.Sprint2.Task0.V16.Test\Tyuiu.BubenkoLG.Sprint2.Task0.V16.Test.csproj", "{3186A98C-0E95-4C81-895F-FF762181D741}"
EndProject
Project("{FAE04EC0-301F-11D3-BF4B-00C04F79EFBC}") = "Tyuiu.BubenkoLG.Sprint2.Task0.V16.Lib", "Tyuiu.BubenkoLG.Sprint2.Task0.V16.Lib\Tyuiu.BubenkoLG.Sprint2.Task0.V16.Lib.csproj", "{992CA3D0-BE68-43BC-A878-9ECEEA2067F1}"
EndProject
Project("{2150E333-8FDC-42A3-9474-1A3956D46DE8}") = "Task1", "Task1", "{DFC9F0D9-A747-4213-8579-025E8A8CF2D4}"
EndProject
Project("{FAE04EC0-301F-11D3-BF4B-00C04F79EFBC}") = "Tyuiu.BubenkoLG.Sprint2.Task1.V17", "Tyuiu.BubenkoLG.Sprint2.Task1.V17\Tyuiu.BubenkoLG.Sprint2.Task1.V17.csproj", "{ADAFA0F8-2B17-4C86-8339-BE3C89D0DFC7}"
EndProject
Project("{FAE04EC0-301F-11D3-BF4B-00C04F79EFBC}") = "Tyuiu.BubenkoLG.Sprint2.Task1.V17.Lib", "Tyuiu.BubenkoLG.Sprint2.Task1.V17.Lib\Tyuiu.BubenkoLG.Sprint2.Task1.V17.Lib.csproj", "{C3F53C89-729D-42DE-AC12-44CF989DC766}"
EndProject
Project("{FAE04EC0-301F-11D3-BF4B-00C04F79EFBC}") = "Tyuiu.BubenkoLG.Sprint2.Task1.V17.Test", "Tyuiu.BubenkoLG.Sprint2.Task1.V17.Test\Tyuiu.BubenkoLG.Sprint2.Task1.V17.Test.csproj", "{98CA28C9-C578-434C-9BBD-939A1033E2D0}"
EndProject
Project("{2150E333-8FDC-42A3-9474-1A3956D46DE8}") = "Task2", "Task2", "{BC282DEC-3D67-4E61-826A-2A3E50F175F2}"
EndProject
Project("{FAE04EC0-301F-11D3-BF4B-00C04F79EFBC}") = "Tyuiu.BubenkoLG.Sprint2.Task2.V7", "Tyuiu.BubenkoLG.Sprint2.Task2.V7\Tyuiu.BubenkoLG.Sprint2.Task2.V7.csproj", "{11A71B6A-EC54-4A1E-89D6-03AA840F4561}"
EndProject
Project("{FAE04EC0-301F-11D3-BF4B-00C04F79EFBC}") = "Tyuiu.BubenkoLG.Sprint2.Task2.V7.Test", "Tyuiu.BubenkoLG.Sprint2.Task2.V7.Test\Tyuiu.BubenkoLG.Sprint2.Task2.V7.Test.csproj", "{EFDB66C3-66BC-4584-9E8F-3A35C605DF7F}"
EndProject
Project("{FAE04EC0-301F-11D3-BF4B-00C04F79EFBC}") = "Tyuiu.BubenkoLG.Sprint2.Task2.V7.Lib", "Tyuiu.BubenkoLG.Sprint2.Task2.V7.Lib\Tyuiu.BubenkoLG.Sprint2.Task2.V7.Lib.csproj", "{43781435-7F46-46EA-BD65-5914B8BCE14D}"
EndProject
Project("{2150E333-8FDC-42A3-9474-1A3956D46DE8}") = "Task3", "Task3", "{0F3155B3-D99E-497B-BA42-24AEC05650EA}"
EndProject
Project("{FAE04EC0-301F-11D3-BF4B-00C04F79EFBC}") = "Tyuiu.BubenkoLG.Sprint2.Task3.V11", "Tyuiu.BubenkoLG.Sprint2.Task3.V11\Tyuiu.BubenkoLG.Sprint2.Task3.V11.csproj", "{66802D10-E71D-4599-9549-C3BE1B13C9E3}"
EndProject
Project("{FAE04EC0-301F-11D3-BF4B-00C04F79EFBC}") = "Tyuiu.BubenkoLG.Sprint2.Task3.V11.Lib", "Tyuiu.BubenkoLG.Sprint2.Task3.V11.Lib\Tyuiu.BubenkoLG.Sprint2.Task3.V11.Lib.csproj", "{78F316BC-41F5-4B6F-8CAD-A23268522166}"
EndProject
Project("{FAE04EC0-301F-11D3-BF4B-00C04F79EFBC}") = "Tyuiu.BubenkoLG.Sprint2.Task3.V11.Test", "Tyuiu.BubenkoLG.Sprint2.Task3.V11.Test\Tyuiu.BubenkoLG.Sprint2.Task3.V11.Test.csproj", "{0826802B-E93D-42F8-9D6D-A943D2083B66}"
EndProject
Project("{2150E333-8FDC-42A3-9474-1A3956D46DE8}") = "Task4", "Task4", "{EEAE0F8C-CE95-417C-94C8-57D9DBEE8640}"
EndProject
Project("{FAE04EC0-301F-11D3-BF4B-00C04F79EFBC}") = "Tyuiu.BubenkoLG.Sprint2.Task4.V19", "Tyuiu.BubenkoLG.Sprint2.Task4.V19\Tyuiu.BubenkoLG.Sprint2.Task4.V19.csproj", "{A4ED0191-9A35-4AAC-B6B3-A3B8FD9E97E5}"
EndProject
Project("{FAE04EC0-301F-11D3-BF4B-00C04F79EFBC}") = "Tyuiu.BubenkoLG.Sprint2.Task4.V19.Lib", "Tyuiu.BubenkoLG.Sprint2.Task4.V19.Lib\Tyuiu.BubenkoLG.Sprint2.Task4.V19.Lib.csproj", "{D48E57C2-4478-4502-B80C-6BB3A72D49D9}"
EndProject
Project("{FAE04EC0-301F-11D3-BF4B-00C04F79EFBC}") = "Tyuiu.BubenkoLG.Sprint2.Task4.V19.Test", "Tyuiu.BubenkoLG.Sprint2.Task4.V19.Test\Tyuiu.BubenkoLG.Sprint2.Task4.V19.Test.csproj", "{478AC441-EBAD-4F6D-8DA5-3A8BB8E66786}"
EndProject
Global
	GlobalSection(SolutionConfigurationPlatforms) = preSolution
		Debug|Any CPU = Debug|Any CPU
		Release|Any CPU = Release|Any CPU
	EndGlobalSection
	GlobalSection(ProjectConfigurationPlatforms) = postSolution
		{0369D5C7-EEE4-44AC-A944-0561073C8819}.Debug|Any CPU.ActiveCfg = Debug|Any CPU
		{0369D5C7-EEE4-44AC-A944-0561073C8819}.Debug|Any CPU.Build.0 = Debug|Any CPU
		{0369D5C7-EEE4-44AC-A944-0561073C8819}.Release|Any CPU.ActiveCfg = Release|Any CPU
		{0369D5C7-EEE4-44AC-A944-0561073C8819}.Release|Any CPU.Build.0 = Release|Any CPU
		{3186A98C-0E95-4C81-895F-FF762181D741}.Debug|Any CPU.ActiveCfg = Debug|Any CPU
		{3186A98C-0E95-4C81-895F-FF762181D741}.Debug|Any CPU.Build.0 = Debug|Any CPU
		{3186A98C-0E95-4C81-895F-FF762181D741}.Release|Any CPU.ActiveCfg = Release|Any CPU
		{3186A98C-0E95-4C81-895F-FF762181D741}.Release|Any CPU.Build.0 = Release|Any CPU
		{992CA3D0-BE68-43BC-A878-9ECEEA2067F1}.Debug|Any CPU.ActiveCfg = Debug|Any CPU
		{992CA3D0-BE68-43BC-A878-9ECEEA2067F1}.Debug|Any CPU.Build.0 = Debug|Any CPU
		{992CA3D0-BE68-43BC-A878-9ECEEA2067F1}.Release|Any CPU.ActiveCfg = Release|Any CPU
		{992CA3D0-BE68-43BC-A878-9ECEEA2067F1}.Release|Any CPU.Build.0 = Release|Any CPU
		{ADAFA0F8-2B17-4C86-8339-BE3C89D0DFC7}.Debug|Any CPU.ActiveCfg = Debug|Any CPU
		{ADAFA0F8-2B17-4C86-8339-BE3C89D0DFC7}.Debug|Any CPU.Build.0 = Debug|Any CPU
		{ADAFA0F8-2B17-4C86-8339-BE3C89D0DFC7}.Release|Any CPU.ActiveCfg = Release|Any CPU
		{ADAFA0F8-2B17-4C86-8339-BE3C89D0DFC7}.Release|Any CPU.Build.0 = Release|Any CPU
		{C3F53C89-729D-42DE-AC12-44CF989DC766}.Debug|Any CPU.ActiveCfg = Debug|Any CPU
		{C3F53C89-729D-42DE-AC12-44CF989DC766}.Debug|Any CPU.Build.0 = Debug|Any CPU
		{C3F53C89-729D-42DE-AC12-44CF989DC766}.Release|Any CPU.ActiveCfg = Release|Any CPU
		{C3F53C89-729D-42DE-AC12-44CF989DC766}.Release|Any CPU.Build.0 = Release|Any CPU
		{98CA28C9-C578-434C-9BBD-939A1033E2D0}.Debug|Any CPU.ActiveCfg = Debug|Any CPU
		{98CA28C9-C578-434C-9BBD-939A1033E2D0}.Debug|Any CPU.Build.0 = Debug|Any CPU
		{98CA28C9-C578-434C-9BBD-939A1033E2D0}.Release|Any CPU.ActiveCfg = Release|Any CPU
		{98CA28C9-C578-434C-9BBD-939A1033E2D0}.Release|Any CPU.Build.0 = Release|Any CPU
		{11A71B6A-EC54-4A1E-89D6-03AA840F4561}.Debug|Any CPU.ActiveCfg = Debug|Any CPU
		{11A71B6A-EC54-4A1E-89D6-03AA840F4561}.Debug|Any CPU.Build.0 = Debug|Any CPU
		{11A71B6A-EC54-4A1E-89D6-03AA840F4561}.Release|Any CPU.ActiveCfg = Release|Any CPU
		{11A71B6A-EC54-4A1E-89D6-03AA840F4561}.Release|Any CPU.Build.0 = Release|Any CPU
		{EFDB66C3-66BC-4584-9E8F-3A35C605DF7F}.Debug|Any CPU.ActiveCfg = Debug|Any CPU
		{EFDB66C3-66BC-4584-9E8F-3A35C605DF7F}.Debug|Any CPU.Build.0 = Debug|Any CPU
		{EFDB66C3-66BC-4584-9E8F-3A35C605DF7F}.Release|Any CPU.ActiveCfg = Release|Any CPU
		{EFDB66C3-66BC-4584-9E8F-3A35C605DF7F}.Release|Any CPU.Build.0 = Release|Any CPU
		{43781435-7F46-46EA-BD65-5914B8BCE14D}.Debug|Any CPU.ActiveCfg = Debug|Any CPU
		{43781435-7F46-46EA-BD65-5914B8BCE14D}.Debug|Any CPU.Build.0 = Debug|Any CPU
		{43781435-7F46-46EA-BD65-5914B8BCE14D}.Release|Any CPU.ActiveCfg = Release|Any CPU
		{43781435-7F46-46EA-BD65-5914B8BCE14D}.Release|Any CPU.Build.0 = Release|Any CPU
		{66802D10-E71D-4599-9549-C3BE1B13C9E3}.Debug|Any CPU.ActiveCfg = Debug|Any CPU
		{66802D10-E71D-4599-9549-C3BE1B13C9E3}.Debug|Any CPU.Build.0 = Debug|Any CPU
		{66802D10-E71D-4599-9549-C3BE1B13C9E3}.Release|Any CPU.ActiveCfg = Release|Any CPU
		{66802D10-E71D-4599-9549-C3BE1B13C9E3}.Release|Any CPU.Build.0 = Release|Any CPU
		{78F316BC-41F5-4B6F-8CAD-A23268522166}.Debug|Any CPU.ActiveCfg = Debug|Any CPU
		{78F316BC-41F5-4B6F-8CAD-A23268522166}.Debug|Any CPU.Build.0 = Debug|Any CPU
		{78F316BC-41F5-4B6F-8CAD-A23268522166}.Release|Any CPU.ActiveCfg = Release|Any CPU
		{78F316BC-41F5-4B6F-8CAD-A23268522166}.Release|Any CPU.Build.0 = Release|Any CPU
		{0826802B-E93D-42F8-9D6D-A943D2083B66}.Debug|Any CPU.ActiveCfg = Debug|Any CPU
		{0826802B-E93D-42F8-9D6D-A943D2083B66}.Debug|Any CPU.Build.0 = Debug|Any CPU
		{0826802B-E93D-42F8-9D6D-A943D2083B66}.Release|Any CPU.ActiveCfg = Release|Any CPU
		{0826802B-E93D-42F8-9D6D-A943D2083B66}.Release|Any CPU.Build.0 = Release|Any CPU
		{A4ED0191-9A35-4AAC-B6B3-A3B8FD9E97E5}.Debug|Any CPU.ActiveCfg = Debug|Any CPU
		{A4ED0191-9A35-4AAC-B6B3-A3B8FD9E97E5}.Debug|Any CPU.Build.0 = Debug|Any CPU
		{A4ED0191-9A35-4AAC-B6B3-A3B8FD9E97E5}.Release|Any CPU.ActiveCfg = Release|Any CPU
		{A4ED0191-9A35-4AAC-B6B3-A3B8FD9E97E5}.Release|Any CPU.Build.0 = Release|Any CPU
		{D48E57C2-4478-4502-B80C-6BB3A72D49D9}.Debug|Any CPU.ActiveCfg = Debug|Any CPU
		{D48E57C2-4478-4502-B80C-6BB3A72D49D9}.Debug|Any CPU.Build.0 = Debug|Any CPU
		{D48E57C2-4478-4502-B80C-6BB3A72D49D9}.Release|Any CPU.ActiveCfg = Release|Any CPU
		{D48E57C2-4478-4502-B80C-6BB3A72D49D9}.Release|Any CPU.Build.0 = Release|Any CPU
		{478AC441-EBAD-4F6D-8DA5-3A8BB8E66786}.Debug|Any CPU.ActiveCfg = Debug|Any CPU
		{478AC441-EBAD-4F6D-8DA5-3A8BB8E66786}.Debug|Any CPU.Build.0 = Debug|Any CPU
		{478AC441-EBAD-4F6D-8DA5-3A8BB8E66786}.Release|Any CPU.ActiveCfg = Release|Any CPU
		{478AC441-EBAD-4F6D-8DA5-3A8BB8E66786}.Release|Any CPU.Build.0 = Release|Any CPU
	EndGlobalSection
	GlobalSection(SolutionProperties) = preSolution
		HideSolutionNode = FALSE
	EndGlobalSection
	GlobalSection(NestedProjects) = preSolution
		{0369D5C7-EEE4-44AC-A944-0561073C8819} = {02EA681E-C7D8-13C7-8484-4AC65E1B71E8}
		{3186A98C-0E95-4C81-895F-FF762181D741} = {02EA681E-C7D8-13C7-8484-4AC65E1B71E8}
		{992CA3D0-BE68-43BC-A878-9ECEEA2067F1} = {02EA681E-C7D8-13C7-8484-4AC65E1B71E8}
		{ADAFA0F8-2B17-4C86-8339-BE3C89D0DFC7} = {DFC9F0D9-A747-4213-8579-025E8A8CF2D4}
		{C3F53C89-729D-42DE-AC12-44CF989DC766} = {DFC9F0D9-A747-4213-8579-025E8A8CF2D4}
		{98CA28C9-C578-434C-9BBD-939A1033E2D0} = {DFC9F0D9-A747-4213-8579-025E8A8CF2D4}
		{11A71B6A-EC54-4A1E-89D6-03AA840F4561} = {BC282DEC-3D67-4E61-826A-2A3E50F175F2}
		{EFDB66C3-66BC-4584-9E8F-3A35C605DF7F} = {BC282DEC-3D67-4E61-826A-2A3E50F175F2}
		{43781435-7F46-46EA-BD65-5914B8BCE14D} = {BC282DEC-3D67-4E61-826A-2A3E50F175F2}
		{66802D10-E71D-4599-9549-C3BE1B13C9E3} = {0F3155B3-D99E-497B-BA42-24AEC05650EA}
		{78F316BC-41F5-4B6F-8CAD-A23268522166} = {0F3155B3-D99E-497B-BA42-24AEC05650EA}
		{0826802B-E93D-42F8-9D6D-A943D2083B66} = {0F3155B3-D99E-497B-BA42-24AEC05650EA}
		{A4ED0191-9A35-4AAC-B6B3-A3B8FD9E97E5} = {EEAE0F8C-CE95-417C-94C8-57D9DBEE8640}
		{D48E57C2-4478-4502-B80C-6BB3A72D49D9} = {EEAE0F8C-CE95-417C-94C8-57D9DBEE8640}
		{478AC441-EBAD-4F6D-8DA5-3A8BB8E66786} = {EEAE0F8C-CE95-417C-94C8-57D9DBEE8640}
	EndGlobalSection
	GlobalSection(ExtensibilityGlobals) = postSolution
		SolutionGuid = {92AC0A81-E661-45E5-8193-1386BDD2A91A}
	EndGlobalSection
EndGlobal
