
Microsoft Visual Studio Solution File, Format Version 12.00
# Visual Studio Version 17
VisualStudioVersion = 17.14.36511.14 d17.14
MinimumVisualStudioVersion = 10.0.40219.1
Project("{2150E333-8FDC-42A3-9474-1A3956D46DE8}") = "Task0", "Task0", "{02EA681E-C7D8-13C7-8484-4AC65E1B71E8}"
EndProject
Project("{FAE04EC0-301F-11D3-BF4B-00C04F79EFBC}") = "Tyuiu.BubenkoLG.Sprint2.Task0.V16", "Tyuiu.BubenkoLG.Sprint2.Task0.V16\Tyuiu.BubenkoLG.Sprint2.Task0.V16.csproj", "{0369D5C7-EEE4-44AC-A944-0561073C8819}"
EndProject
Project("{FAE04EC0-301F-11D3-BF4B-00C04F79EFBC}") = "Tyuiu.BubenkoLG.Sprint2.Task0.V16.Test", "Tyuiu.BubenkoLG.Sprint2.Task0.V16.Test\Tyuiu.BubenkoLG.Sprint2.Task0.V16.Test.csproj", "{3186A98C-0E95-4C81-895F-FF762181D741}"
EndProject
Project("{FAE04EC0-301F-11D3-BF4B-00C04F79EFBC}") = "Tyuiu.BubenkoLG.Sprint2.Task0.V16.Lib", "Tyuiu.BubenkoLG.Sprint2.Task0.V16.Lib\Tyuiu.BubenkoLG.Sprint2.Task0.V16.Lib.csproj", "{992CA3D0-BE68-43BC-A878-9ECEEA2067F1}"
EndProject
Project("{2150E333-8FDC-42A3-9474-1A3956D46DE8}") = "Task1", "Task1", "{DFC9F0D9-A747-4213-8579-025E8A8CF2D4}"
EndProject
Project("{FAE04EC0-301F-11D3-BF4B-00C04F79EFBC}") = "Tyuiu.BubenkoLG.Sprint2.Task1.V17", "Tyuiu.BubenkoLG.Sprint2.Task1.V17\Tyuiu.BubenkoLG.Sprint2.Task1.V17.csproj", "{ADAFA0F8-2B17-4C86-8339-BE3C89D0DFC7}"
EndProject
Project("{FAE04EC0-301F-11D3-BF4B-00C04F79EFBC}") = "Tyuiu.BubenkoLG.Sprint2.Task1.V17.Lib", "Tyuiu.BubenkoLG.Sprint2.Task1.V17.Lib\Tyuiu.BubenkoLG.Sprint2.Task1.V17.Lib.csproj", "{C3F53C89-729D-42DE-AC12-44CF989DC766}"
EndProject
Project("{FAE04EC0-301F-11D3-BF4B-00C04F79EFBC}") = "Tyuiu.BubenkoLG.Sprint2.Task1.V17.Test", "Tyuiu.BubenkoLG.Sprint2.Task1.V17.Test\Tyuiu.BubenkoLG.Sprint2.Task1.V17.Test.csproj", "{98CA28C9-C578-434C-9BBD-939A1033E2D0}"
EndProject
Global
	GlobalSection(SolutionConfigurationPlatforms) = preSolution
		Debug|Any CPU = Debug|Any CPU
		Release|Any CPU = Release|Any CPU
	EndGlobalSection
	GlobalSection(ProjectConfigurationPlatforms) = postSolution
		{0369D5C7-EEE4-44AC-A944-0561073C8819}.Debug|Any CPU.ActiveCfg = Debug|Any CPU
		{0369D5C7-EEE4-44AC-A944-0561073C8819}.Debug|Any CPU.Build.0 = Debug|Any CPU
		{0369D5C7-EEE4-44AC-A944-0561073C8819}.Release|Any CPU.ActiveCfg = Release|Any CPU
		{0369D5C7-EEE4-44AC-A944-0561073C8819}.Release|Any CPU.Build.0 = Release|Any CPU
		{3186A98C-0E95-4C81-895F-FF762181D741}.Debug|Any CPU.ActiveCfg = Debug|Any CPU
		{3186A98C-0E95-4C81-895F-FF762181D741}.Debug|Any CPU.Build.0 = Debug|Any CPU
		{3186A98C-0E95-4C81-895F-FF762181D741}.Release|Any CPU.ActiveCfg = Release|Any CPU
		{3186A98C-0E95-4C81-895F-FF762181D741}.Release|Any CPU.Build.0 = Release|Any CPU
		{992CA3D0-BE68-43BC-A878-9ECEEA2067F1}.Debug|Any CPU.ActiveCfg = Debug|Any CPU
		{992CA3D0-BE68-43BC-A878-9ECEEA2067F1}.Debug|Any CPU.Build.0 = Debug|Any CPU
		{992CA3D0-BE68-43BC-A878-9ECEEA2067F1}.Release|Any CPU.ActiveCfg = Release|Any CPU
		{992CA3D0-BE68-43BC-A878-9ECEEA2067F1}.Release|Any CPU.Build.0 = Release|Any CPU
		{ADAFA0F8-2B17-4C86-8339-BE3C89D0DFC7}.Debug|Any CPU.ActiveCfg = Debug|Any CPU
		{ADAFA0F8-2B17-4C86-8339-BE3C89D0DFC7}.Debug|Any CPU.Build.0 = Debug|Any CPU
		{ADAFA0F8-2B17-4C86-8339-BE3C89D0DFC7}.Release|Any CPU.ActiveCfg = Release|Any CPU
		{ADAFA0F8-2B17-4C86-8339-BE3C89D0DFC7}.Release|Any CPU.Build.0 = Release|Any CPU
		{C3F53C89-729D-42DE-AC12-44CF989DC766}.Debug|Any CPU.ActiveCfg = Debug|Any CPU
		{C3F53C89-729D-42DE-AC12-44CF989DC766}.Debug|Any CPU.Build.0 = Debug|Any CPU
		{C3F53C89-729D-42DE-AC12-44CF989DC766}.Release|Any CPU.ActiveCfg = Release|Any CPU
		{C3F53C89-729D-42DE-AC12-44CF989DC766}.Release|Any CPU.Build.0 = Release|Any CPU
		{98CA28C9-C578-434C-9BBD-939A1033E2D0}.Debug|Any CPU.ActiveCfg = Debug|Any CPU
		{98CA28C9-C578-434C-9BBD-939A1033E2D0}.Debug|Any CPU.Build.0 = Debug|Any CPU
		{98CA28C9-C578-434C-9BBD-939A1033E2D0}.Release|Any CPU.ActiveCfg = Release|Any CPU
		{98CA28C9-C578-434C-9BBD-939A1033E2D0}.Release|Any CPU.Build.0 = Release|Any CPU
	EndGlobalSection
	GlobalSection(SolutionProperties) = preSolution
		HideSolutionNode = FALSE
	EndGlobalSection
	GlobalSection(NestedProjects) = preSolution
		{0369D5C7-EEE4-44AC-A944-0561073C8819} = {02EA681E-C7D8-13C7-8484-4AC65E1B71E8}
		{3186A98C-0E95-4C81-895F-FF762181D741} = {02EA681E-C7D8-13C7-8484-4AC65E1B71E8}
		{992CA3D0-BE68-43BC-A878-9ECEEA2067F1} = {02EA681E-C7D8-13C7-8484-4AC65E1B71E8}
		{ADAFA0F8-2B17-4C86-8339-BE3C89D0DFC7} = {DFC9F0D9-A747-4213-8579-025E8A8CF2D4}
		{C3F53C89-729D-42DE-AC12-44CF989DC766} = {DFC9F0D9-A747-4213-8579-025E8A8CF2D4}
		{98CA28C9-C578-434C-9BBD-939A1033E2D0} = {DFC9F0D9-A747-4213-8579-025E8A8CF2D4}
	EndGlobalSection
	GlobalSection(ExtensibilityGlobals) = postSolution
		SolutionGuid = {92AC0A81-E661-45E5-8193-1386BDD2A91A}
	EndGlobalSection
EndGlobal
